{
  "object": {
    "pins": [
      {
        "package": "ASN1Swift",
        "repositoryURL": "https://github.com/tikhop/ASN1Swift",
        "state": {
          "branch": null,
          "revision": "b53bee03a942623db25afc5bfb80227b2cb3b425",
          "version": "1.2.4"
        }
      },
      {
        "package": "Countly",
        "repositoryURL": "https://github.com/Countly/countly-sdk-ios",
        "state": {
          "branch": null,
          "revision": "3867c05ade87d6327383fe1c3742da02f053c766",
          "version": "20.11.3"
        }
      },
      {
        "package": "FreshchatSDK",
        "repositoryURL": "https://github.com/freshworks/freshchat-ios",
        "state": {
          "branch": "spm-beta",
          "revision": "6eece74f7f5e83934571b341a559e6222e11744c",
          "version": null
        }
      },
      {
        "package": "Impact",
        "repositoryURL": "https://github.com/stacksift/Impact",
        "state": {
          "branch": null,
          "revision": "af1ccb6b707373ef69cfad51f635c7d85e526a34",
          "version": "0.4.0"
        }
      },
      {
        "package": "Stacksift",
        "repositoryURL": "https://github.com/stacksift/SDK",
        "state": {
          "branch": null,
          "revision": "6cd6cfbcd0f1624b1f7bd0c91f180600f2b8c51a",
          "version": "0.3.5"
        }
      },
      {
        "package": "Sentry",
        "repositoryURL": "https://github.com/getsentry/sentry-cocoa",
        "state": {
          "branch": null,
          "revision": "4abaa663a7916902ae9196a8bf3c4c047caacc17",
          "version": "7.3.0"
        }
      },
      {
        "package": "SwiftLinkPreview",
        "repositoryURL": "https://github.com/LeonardoCardoso/SwiftLinkPreview",
        "state": {
          "branch": null,
          "revision": "3eb30b1832a9cf0eaeec3e2cf6cfc0ed18ef763f",
          "version": "3.4.0"
        }
      },
      {
        "package": "TPInAppReceipt",
        "repositoryURL": "https://github.com/tikhop/TPInAppReceipt",
        "state": {
          "branch": null,
          "revision": "14f707e28fc7e19aadac72c8d63eb8610fa9c3bf",
          "version": "3.3.0"
        }
      },
      {
        "package": "Wells",
        "repositoryURL": "https://github.com/stacksift/Wells",
        "state": {
          "branch": null,
          "revision": "7c2322e991c15e3643fa16861f71fad902381463",
          "version": "0.1.4"
        }
      }
    ]
  },
  "version": 1
}
